Microsoft Visual Studio Solution File, Format Version 12.00
# Visual Studio 2012
Project("{FAE04EC0-301F-11D3-BF4B-00C04F79EFBC}") = "mining-game-godot", "mining-game-godot.csproj", "{44AC3F69-54EB-4F3B-8FA8-7F6D2D714AB2}"
EndProject
Global
	GlobalSection(SolutionConfigurationPlatforms) = preSolution
	Debug|Any CPU = Debug|Any CPU
	ExportDebug|Any CPU = ExportDebug|Any CPU
	ExportRelease|Any CPU = ExportRelease|Any CPU
	EndGlobalSection
	GlobalSection(ProjectConfigurationPlatforms) = postSolution
		{44AC3F69-54EB-4F3B-8FA8-7F6D2D714AB2}.Debug|Any CPU.ActiveCfg = Debug|Any CPU
		{44AC3F69-54EB-4F3B-8FA8-7F6D2D714AB2}.Debug|Any CPU.Build.0 = Debug|Any CPU
		{44AC3F69-54EB-4F3B-8FA8-7F6D2D714AB2}.ExportDebug|Any CPU.ActiveCfg = ExportDebug|Any CPU
		{44AC3F69-54EB-4F3B-8FA8-7F6D2D714AB2}.ExportDebug|Any CPU.Build.0 = ExportDebug|Any CPU
		{44AC3F69-54EB-4F3B-8FA8-7F6D2D714AB2}.ExportRelease|Any CPU.ActiveCfg = ExportRelease|Any CPU
		{44AC3F69-54EB-4F3B-8FA8-7F6D2D714AB2}.ExportRelease|Any CPU.Build.0 = ExportRelease|Any CPU
	EndGlobalSection
EndGlobal
